
Microsoft Visual Studio Solution File, Format Version 12.00
# Visual Studio 14
VisualStudioVersion = 14.0.25420.1
MinimumVisualStudioVersion = 10.0.40219.1
Project("{FAE04EC0-301F-11D3-BF4B-00C04F79EFBC}") = "Epiq.ETS.TCMS.Panini.Api", "Epiq.ETS.TCMS.Panini.Api\Epiq.ETS.TCMS.Panini.Api.csproj", "{A77282A8-352C-416A-B2B4-D4B36127ADF5}"
EndProject
Project("{FAE04EC0-301F-11D3-BF4B-00C04F79EFBC}") = "Epiq.ETS.TCMS.Panini.Web", "Epiq.ETS.TCMS.Panini.Web\Epiq.ETS.TCMS.Panini.Web.csproj", "{4B960CD1-F7E5-479F-862F-3076467D411C}"
EndProject
Global
	GlobalSection(SolutionConfigurationPlatforms) = preSolution
		Debug|Any CPU = Debug|Any CPU
		Release|Any CPU = Release|Any CPU
	EndGlobalSection
	GlobalSection(ProjectConfigurationPlatforms) = postSolution
		{A77282A8-352C-416A-B2B4-D4B36127ADF5}.Debug|Any CPU.ActiveCfg = Debug|Any CPU
		{A77282A8-352C-416A-B2B4-D4B36127ADF5}.Debug|Any CPU.Build.0 = Debug|Any CPU
		{A77282A8-352C-416A-B2B4-D4B36127ADF5}.Release|Any CPU.ActiveCfg = Release|Any CPU
		{A77282A8-352C-416A-B2B4-D4B36127ADF5}.Release|Any CPU.Build.0 = Release|Any CPU
		{4B960CD1-F7E5-479F-862F-3076467D411C}.Debug|Any CPU.ActiveCfg = Debug|Any CPU
		{4B960CD1-F7E5-479F-862F-3076467D411C}.Debug|Any CPU.Build.0 = Debug|Any CPU
		{4B960CD1-F7E5-479F-862F-3076467D411C}.Release|Any CPU.ActiveCfg = Release|Any CPU
		{4B960CD1-F7E5-479F-862F-3076467D411C}.Release|Any CPU.Build.0 = Release|Any CPU
	EndGlobalSection
	GlobalSection(SolutionProperties) = preSolution
		HideSolutionNode = FALSE
	EndGlobalSection
EndGlobal
